
Microsoft Visual Studio Solution File, Format Version 12.00
# Visual Studio Version 16
VisualStudioVersion = 16.0.31624.102
MinimumVisualStudioVersion = 10.0.40219.1
Project("{FAE04EC0-301F-11D3-BF4B-00C04F79EFBC}") = "Pawnshop", "Pawnshop\Pawnshop.csproj", "{C2A2D585-FECB-443F-8209-812DC0CF1540}"
EndProject
Global
	GlobalSection(SolutionConfigurationPlatforms) = preSolution
		Debug|Any CPU = Debug|Any CPU
		Release|Any CPU = Release|Any CPU
	EndGlobalSection
	GlobalSection(ProjectConfigurationPlatforms) = postSolution
		{C2A2D585-FECB-443F-8209-812DC0CF1540}.Debug|Any CPU.ActiveCfg = Debug|Any CPU
		{C2A2D585-FECB-443F-8209-812DC0CF1540}.Debug|Any CPU.Build.0 = Debug|Any CPU
		{C2A2D585-FECB-443F-8209-812DC0CF1540}.Release|Any CPU.ActiveCfg = Release|Any CPU
		{C2A2D585-FECB-443F-8209-812DC0CF1540}.Release|Any CPU.Build.0 = Release|Any CPU
	EndGlobalSection
	GlobalSection(SolutionProperties) = preSolution
		HideSolutionNode = FALSE
	EndGlobalSection
	GlobalSection(ExtensibilityGlobals) = postSolution
		SolutionGuid = {B82B3BBE-979F-42FE-A2BB-51D1766AF4C3}
	EndGlobalSection
EndGlobal
